<?xml version="1.0" encoding="UTF-8" standalone="yes" ?>
<CodeBlocks_project_file>
	<FileVersion major="1" minor="6" />
	<Project>
		<Option title="Jam" />
		<Option pch_mode="2" />
		<Option compiler="gcc" />
		<Option virtualFolders="Game\;Game\Managers\;Game\Managers\Resource\;Game\Managers\Resource\Loaders\;XML\;TMX\;Game\Actions\;Game\States\;Game\Common\;Game\GUI\;Game\Managers\Event\;Game\Managers\State\;Game\Managers\State\Instance\;Game\Managers\GUI\;Game\Entity\;" />
		<Build>
			<Target title="Debug">
				<Option output="bin/Debug/Jam" prefix_auto="1" extension_auto="1" />
				<Option object_output="obj/Debug/" />
				<Option type="1" />
				<Option compiler="gcc" />
				<Compiler>
					<Add option="-g" />
				</Compiler>
			</Target>
			<Target title="Release">
				<Option output="bin/Release/Jam" prefix_auto="1" extension_auto="1" />
				<Option object_output="obj/Release/" />
				<Option type="1" />
				<Option compiler="gcc" />
				<Compiler>
					<Add option="-O2" />
				</Compiler>
				<Linker>
					<Add option="-s" />
				</Linker>
			</Target>
		</Build>
		<Compiler>
			<Add option="-Wall" />
			<Add option="-fexceptions" />
			<Add option="-std=gnu++0x" />
			<Add directory="C:/lib/SFML-2.3.2/SFML-2.3.2/include" />
		</Compiler>
		<Linker>
			<Add option="-lz" />
			<Add option="-lshlwapi" />
			<Add library="sfml-graphics" />
			<Add library="sfml-window" />
			<Add library="sfml-system" />
			<Add directory="C:/lib/SFML-2.3.2/build-r/lib" />
		</Linker>
		<Unit filename="ActionFactory.hpp">
			<Option virtualFolder="Game/Actions/" />
		</Unit>
		<Unit filename="AddNPCAction.cpp">
			<Option virtualFolder="Game/Actions/" />
		</Unit>
		<Unit filename="AddNPCAction.hpp">
			<Option virtualFolder="Game/Actions/" />
		</Unit>
		<Unit filename="Animation.hpp" />
		<Unit filename="BaseState.h">
			<Option virtualFolder="Game/Managers/State/" />
		</Unit>
		<Unit filename="Character.hpp">
			<Option virtualFolder="Game/Entity/" />
		</Unit>
		<Unit filename="CharacterLoader.cpp">
			<Option virtualFolder="Game/Managers/Resource/Loaders/" />
		</Unit>
		<Unit filename="CharacterLoader.hpp">
			<Option virtualFolder="Game/Managers/Resource/Loaders/" />
		</Unit>
		<Unit filename="Common.hpp">
			<Option virtualFolder="Game/Common/" />
		</Unit>
		<Unit filename="DebugOverlay.h">
			<Option virtualFolder="Game/Common/" />
		</Unit>
		<Unit filename="Entity.cpp">
			<Option virtualFolder="Game/Entity/" />
		</Unit>
		<Unit filename="Entity.hpp">
			<Option virtualFolder="Game/Entity/" />
		</Unit>
		<Unit filename="EntityLoader.cpp">
			<Option virtualFolder="Game/Managers/Resource/Loaders/" />
		</Unit>
		<Unit filename="EntityLoader.hpp">
			<Option virtualFolder="Game/Managers/Resource/Loaders/" />
		</Unit>
		<Unit filename="EventManager.cpp">
			<Option virtualFolder="Game/Managers/Event/" />
		</Unit>
		<Unit filename="EventManager.h">
			<Option virtualFolder="Game/Managers/Event/" />
		</Unit>
		<Unit filename="FileLoader.cpp">
			<Option virtualFolder="Game/Managers/Resource/" />
		</Unit>
		<Unit filename="FileLoader.hpp">
			<Option virtualFolder="Game/Managers/Resource/" />
		</Unit>
		<Unit filename="FontLoader.cpp">
			<Option virtualFolder="Game/Managers/Resource/Loaders/" />
		</Unit>
		<Unit filename="FontLoader.hpp">
			<Option virtualFolder="Game/Managers/Resource/Loaders/" />
		</Unit>
		<Unit filename="Game.cpp" />
		<Unit filename="Game.h" />
		<Unit filename="GameCamera.hpp" />
		<Unit filename="IAction.hpp">
			<Option virtualFolder="Game/Actions/" />
		</Unit>
		<Unit filename="IResourceLoader.hpp">
			<Option virtualFolder="Game/Managers/Resource/Loaders/" />
		</Unit>
		<Unit filename="Map.cpp" />
		<Unit filename="Map.hpp" />
		<Unit filename="MoveState.cpp">
			<Option virtualFolder="Game/States/" />
		</Unit>
		<Unit filename="MoveState.hpp">
			<Option virtualFolder="Game/States/" />
		</Unit>
		<Unit filename="NPCStandState.cpp">
			<Option virtualFolder="Game/States/" />
		</Unit>
		<Unit filename="NPCStandState.hpp">
			<Option virtualFolder="Game/States/" />
		</Unit>
		<Unit filename="POJO.hpp">
			<Option virtualFolder="Game/Managers/Resource/" />
		</Unit>
		<Unit filename="PlanStrollState.cpp">
			<Option virtualFolder="Game/States/" />
		</Unit>
		<Unit filename="PlanStrollState.hpp">
			<Option virtualFolder="Game/States/" />
		</Unit>
		<Unit filename="ResourceFactory.hpp">
			<Option virtualFolder="Game/Managers/Resource/" />
		</Unit>
		<Unit filename="ResourceLoader.cpp">
			<Option virtualFolder="Game/Managers/Resource/Loaders/" />
		</Unit>
		<Unit filename="ResourceLoader.hpp">
			<Option virtualFolder="Game/Managers/Resource/Loaders/" />
		</Unit>
		<Unit filename="ResourceManager.cpp">
			<Option virtualFolder="Game/Managers/Resource/" />
		</Unit>
		<Unit filename="ResourceManager.hpp">
			<Option virtualFolder="Game/Managers/Resource/" />
		</Unit>
		<Unit filename="Sate_Game.hpp">
			<Option virtualFolder="Game/Managers/State/Instance/" />
		</Unit>
		<Unit filename="SharedContext.h">
			<Option virtualFolder="Game/Common/" />
		</Unit>
		<Unit filename="StateMachine.cpp">
			<Option virtualFolder="Game/States/" />
		</Unit>
		<Unit filename="StateMachine.hpp">
			<Option virtualFolder="Game/States/" />
		</Unit>
		<Unit filename="StateManager.cpp">
			<Option virtualFolder="Game/Managers/State/" />
		</Unit>
		<Unit filename="StateManager.h">
			<Option virtualFolder="Game/Managers/State/" />
		</Unit>
		<Unit filename="State_Game.cpp">
			<Option virtualFolder="Game/Managers/State/Instance/" />
		</Unit>
		<Unit filename="State_MainMenu.cpp">
			<Option virtualFolder="Game/Managers/State/Instance/" />
		</Unit>
		<Unit filename="State_MainMenu.h">
			<Option virtualFolder="Game/Managers/State/Instance/" />
		</Unit>
		<Unit filename="State_Splash.cpp">
			<Option virtualFolder="Game/Managers/State/Instance/" />
		</Unit>
		<Unit filename="State_Splash.hpp">
			<Option virtualFolder="Game/Managers/State/Instance/" />
		</Unit>
		<Unit filename="TeleportAction.cpp">
			<Option virtualFolder="Game/Actions/" />
		</Unit>
		<Unit filename="TeleportAction.hpp">
			<Option virtualFolder="Game/Actions/" />
		</Unit>
		<Unit filename="TextureLoader.cpp">
			<Option virtualFolder="Game/Managers/Resource/Loaders/" />
		</Unit>
		<Unit filename="TextureLoader.hpp">
			<Option virtualFolder="Game/Managers/Resource/Loaders/" />
		</Unit>
		<Unit filename="Tmx.h.in">
			<Option virtualFolder="TMX/" />
		</Unit>
		<Unit filename="TmxEllipse.cpp">
			<Option virtualFolder="TMX/" />
		</Unit>
		<Unit filename="TmxEllipse.h">
			<Option virtualFolder="TMX/" />
		</Unit>
		<Unit filename="TmxImage.cpp">
			<Option virtualFolder="TMX/" />
		</Unit>
		<Unit filename="TmxImage.h">
			<Option virtualFolder="TMX/" />
		</Unit>
		<Unit filename="TmxImageLayer.cpp">
			<Option virtualFolder="TMX/" />
		</Unit>
		<Unit filename="TmxImageLayer.h">
			<Option virtualFolder="TMX/" />
		</Unit>
		<Unit filename="TmxLayer.cpp">
			<Option virtualFolder="TMX/" />
		</Unit>
		<Unit filename="TmxLayer.h">
			<Option virtualFolder="TMX/" />
		</Unit>
		<Unit filename="TmxMap.cpp">
			<Option virtualFolder="TMX/" />
		</Unit>
		<Unit filename="TmxMap.h">
			<Option virtualFolder="TMX/" />
		</Unit>
		<Unit filename="TmxMapTile.h">
			<Option virtualFolder="TMX/" />
		</Unit>
		<Unit filename="TmxObject.cpp">
			<Option virtualFolder="TMX/" />
		</Unit>
		<Unit filename="TmxObject.h">
			<Option virtualFolder="TMX/" />
		</Unit>
		<Unit filename="TmxObjectGroup.cpp">
			<Option virtualFolder="TMX/" />
		</Unit>
		<Unit filename="TmxObjectGroup.h">
			<Option virtualFolder="TMX/" />
		</Unit>
		<Unit filename="TmxPoint.h">
			<Option virtualFolder="TMX/" />
		</Unit>
		<Unit filename="TmxPolygon.cpp">
			<Option virtualFolder="TMX/" />
		</Unit>
		<Unit filename="TmxPolygon.h">
			<Option virtualFolder="TMX/" />
		</Unit>
		<Unit filename="TmxPolyline.cpp">
			<Option virtualFolder="TMX/" />
		</Unit>
		<Unit filename="TmxPolyline.h">
			<Option virtualFolder="TMX/" />
		</Unit>
		<Unit filename="TmxPropertySet.cpp">
			<Option virtualFolder="TMX/" />
		</Unit>
		<Unit filename="TmxPropertySet.h">
			<Option virtualFolder="TMX/" />
		</Unit>
		<Unit filename="TmxTerrain.cpp">
			<Option virtualFolder="TMX/" />
		</Unit>
		<Unit filename="TmxTerrain.h">
			<Option virtualFolder="TMX/" />
		</Unit>
		<Unit filename="TmxTerrainArray.cpp">
			<Option virtualFolder="TMX/" />
		</Unit>
		<Unit filename="TmxTerrainArray.h">
			<Option virtualFolder="TMX/" />
		</Unit>
		<Unit filename="TmxTile.cpp">
			<Option virtualFolder="TMX/" />
		</Unit>
		<Unit filename="TmxTile.h">
			<Option virtualFolder="TMX/" />
		</Unit>
		<Unit filename="TmxTileLayer.cpp">
			<Option virtualFolder="TMX/" />
		</Unit>
		<Unit filename="TmxTileLayer.h">
			<Option virtualFolder="TMX/" />
		</Unit>
		<Unit filename="TmxTileOffset.cpp">
			<Option virtualFolder="TMX/" />
		</Unit>
		<Unit filename="TmxTileOffset.h">
			<Option virtualFolder="TMX/" />
		</Unit>
		<Unit filename="TmxTileset.cpp">
			<Option virtualFolder="TMX/" />
		</Unit>
		<Unit filename="TmxTileset.h">
			<Option virtualFolder="TMX/" />
		</Unit>
		<Unit filename="TmxUtil.cpp">
			<Option virtualFolder="TMX/" />
		</Unit>
		<Unit filename="TmxUtil.h">
			<Option virtualFolder="TMX/" />
		</Unit>
		<Unit filename="Trigger.hpp" />
		<Unit filename="Tween.hpp">
			<Option virtualFolder="Game/Common/" />
		</Unit>
		<Unit filename="Util.hpp">
			<Option virtualFolder="Game/Common/" />
		</Unit>
		<Unit filename="Utilities.h" />
		<Unit filename="WaitState.cpp">
			<Option virtualFolder="Game/States/" />
		</Unit>
		<Unit filename="WaitState.hpp">
			<Option virtualFolder="Game/States/" />
		</Unit>
		<Unit filename="Window.cpp">
			<Option virtualFolder="Game/GUI/" />
		</Unit>
		<Unit filename="Window.h">
			<Option virtualFolder="Game/GUI/" />
		</Unit>
		<Unit filename="WindowView.hpp" />
		<Unit filename="base64/base64.cpp">
			<Option virtualFolder="TMX/" />
		</Unit>
		<Unit filename="base64/base64.h">
			<Option virtualFolder="TMX/" />
		</Unit>
		<Unit filename="main.cpp" />
		<Unit filename="tinyxml2.cpp">
			<Option virtualFolder="XML/" />
		</Unit>
		<Unit filename="tinyxml2.h">
			<Option virtualFolder="XML/" />
		</Unit>
		<Unit filename="tmx.h">
			<Option virtualFolder="TMX/" />
		</Unit>
		<Unit filename="tmxparser.pc.in">
			<Option virtualFolder="TMX/" />
		</Unit>
		<Extensions>
			<code_completion />
			<envvars />
			<debugger />
			<lib_finder disable_auto="1" />
		</Extensions>
	</Project>
</CodeBlocks_project_file>
